// !$*UTF8*$!
{
	archiveVersion = 1;
	classes = {
	};
	objectVersion = 50;
	objects = {

/* Begin PBXBuildFile section */
		808122AE22B2C7280042E9E1 /* AppDelegate.swift in Sources */ = {isa = PBXBuildFile; fileRef = 808122AD22B2C7280042E9E1 /* AppDelegate.swift */; };
		808122B022B2C7280042E9E1 /* ViewController.swift in Sources */ = {isa = PBXBuildFile; fileRef = 808122AF22B2C7280042E9E1 /* ViewController.swift */; };
		808122B322B2C7280042E9E1 /* Main.storyboard in Resources */ = {isa = PBXBuildFile; fileRef = 808122B122B2C7280042E9E1 /* Main.storyboard */; };
		808122B522B2C72D0042E9E1 /* Assets.xcassets in Resources */ = {isa = PBXBuildFile; fileRef = 808122B422B2C72D0042E9E1 /* Assets.xcassets */; };
		808122B822B2C72D0042E9E1 /* LaunchScreen.storyboard in Resources */ = {isa = PBXBuildFile; fileRef = 808122B622B2C72D0042E9E1 /* LaunchScreen.storyboard */; };
		808122C622B2C74B0042E9E1 /* ShareViewController.swift in Sources */ = {isa = PBXBuildFile; fileRef = 808122C522B2C74B0042E9E1 /* ShareViewController.swift */; };
		808122C922B2C74B0042E9E1 /* MainInterface.storyboard in Resources */ = {isa = PBXBuildFile; fileRef = 808122C722B2C74B0042E9E1 /* MainInterface.storyboard */; };
		808122CD22B2C74B0042E9E1 /* SahreDemoExtension.appex in Embed App Extensions */ = {isa = PBXBuildFile; fileRef = 808122C322B2C74B0042E9E1 /* SahreDemoExtension.appex */; settings = {ATTRIBUTES = (RemoveHeadersOnCopy, ); }; };
		C623B9E922B778F70072ECD7 /* DeepLinkManager.swift in Sources */ = {isa = PBXBuildFile; fileRef = C623B9E822B778F70072ECD7 /* DeepLinkManager.swift */; };
/* End PBXBuildFile section */

/* Begin PBXContainerItemProxy section */
		808122CB22B2C74B0042E9E1 /* PBXContainerItemProxy */ = {
			isa = PBXContainerItemProxy;
			containerPortal = 808122A222B2C7280042E9E1 /* Project object */;
			proxyType = 1;
			remoteGlobalIDString = 808122C222B2C74B0042E9E1;
			remoteInfo = SahreDemoExtension;
		};
/* End PBXContainerItemProxy section */

/* Begin PBXCopyFilesBuildPhase section */
		808122D122B2C74B0042E9E1 /* Embed App Extensions */ = {
			isa = PBXCopyFilesBuildPhase;
			buildActionMask = 2147483647;
			dstPath = "";
			dstSubfolderSpec = 13;
			files = (
				808122CD22B2C74B0042E9E1 /* SahreDemoExtension.appex in Embed App Extensions */,
			);
			name = "Embed App Extensions";
			runOnlyForDeploymentPostprocessing = 0;
		};
/* End PBXCopyFilesBuildPhase section */

/* Begin PBXFileReference section */
		808122AA22B2C7280042E9E1 /* ShareDemo.app */ = {isa = PBXFileReference; explicitFileType = wrapper.application; includeInIndex = 0; path = ShareDemo.app; sourceTree = BUILT_PRODUCTS_DIR; };
		808122AD22B2C7280042E9E1 /* AppDelegate.swift */ = {isa = PBXFileReference; lastKnownFileType = sourcecode.swift; path = AppDelegate.swift; sourceTree = "<group>"; };
		808122AF22B2C7280042E9E1 /* ViewController.swift */ = {isa = PBXFileReference; lastKnownFileType = sourcecode.swift; path = ViewController.swift; sourceTree = "<group>"; };
		808122B222B2C7280042E9E1 /* Base */ = {isa = PBXFileReference; lastKnownFileType = file.storyboard; name = Base; path = Base.lproj/Main.storyboard; sourceTree = "<group>"; };
		808122B422B2C72D0042E9E1 /* Assets.xcassets */ = {isa = PBXFileReference; lastKnownFileType = folder.assetcatalog; path = Assets.xcassets; sourceTree = "<group>"; };
		808122B722B2C72D0042E9E1 /* Base */ = {isa = PBXFileReference; lastKnownFileType = file.storyboard; name = Base; path = Base.lproj/LaunchScreen.storyboard; sourceTree = "<group>"; };
		808122B922B2C72D0042E9E1 /* Info.plist */ = {isa = PBXFileReference; lastKnownFileType = text.plist.xml; path = Info.plist; sourceTree = "<group>"; };
		808122C322B2C74B0042E9E1 /* SahreDemoExtension.appex */ = {isa = PBXFileReference; explicitFileType = "wrapper.app-extension"; includeInIndex = 0; path = SahreDemoExtension.appex; sourceTree = BUILT_PRODUCTS_DIR; };
		808122C522B2C74B0042E9E1 /* ShareViewController.swift */ = {isa = PBXFileReference; lastKnownFileType = sourcecode.swift; path = ShareViewController.swift; sourceTree = "<group>"; };
		808122C822B2C74B0042E9E1 /* Base */ = {isa = PBXFileReference; lastKnownFileType = file.storyboard; name = Base; path = Base.lproj/MainInterface.storyboard; sourceTree = "<group>"; };
		808122CA22B2C74B0042E9E1 /* Info.plist */ = {isa = PBXFileReference; lastKnownFileType = text.plist.xml; path = Info.plist; sourceTree = "<group>"; };
		808122D222B2C75B0042E9E1 /* ShareDemo.entitlements */ = {isa = PBXFileReference; lastKnownFileType = text.plist.entitlements; path = ShareDemo.entitlements; sourceTree = "<group>"; };
		808122D322B2C7620042E9E1 /* SahreDemoExtension.entitlements */ = {isa = PBXFileReference; lastKnownFileType = text.plist.entitlements; path = SahreDemoExtension.entitlements; sourceTree = "<group>"; };
		C623B9E822B778F70072ECD7 /* DeepLinkManager.swift */ = {isa = PBXFileReference; lastKnownFileType = sourcecode.swift; path = DeepLinkManager.swift; sourceTree = "<group>"; };
/* End PBXFileReference section */

/* Begin PBXFrameworksBuildPhase section */
		808122A722B2C7280042E9E1 /* Frameworks */ = {
			isa = PBXFrameworksBuildPhase;
			buildActionMask = 2147483647;
			files = (
			);
			runOnlyForDeploymentPostprocessing = 0;
		};
		808122C022B2C74B0042E9E1 /* Frameworks */ = {
			isa = PBXFrameworksBuildPhase;
			buildActionMask = 2147483647;
			files = (
			);
			runOnlyForDeploymentPostprocessing = 0;
		};
/* End PBXFrameworksBuildPhase section */

/* Begin PBXGroup section */
		808122A122B2C7280042E9E1 = {
			isa = PBXGroup;
			children = (
				808122AC22B2C7280042E9E1 /* ShareDemo */,
				808122C422B2C74B0042E9E1 /* SahreDemoExtension */,
				808122AB22B2C7280042E9E1 /* Products */,
			);
			sourceTree = "<group>";
		};
		808122AB22B2C7280042E9E1 /* Products */ = {
			isa = PBXGroup;
			children = (
				808122AA22B2C7280042E9E1 /* ShareDemo.app */,
				808122C322B2C74B0042E9E1 /* SahreDemoExtension.appex */,
			);
			name = Products;
			sourceTree = "<group>";
		};
		808122AC22B2C7280042E9E1 /* ShareDemo */ = {
			isa = PBXGroup;
			children = (
				808122D222B2C75B0042E9E1 /* ShareDemo.entitlements */,
				808122AD22B2C7280042E9E1 /* AppDelegate.swift */,
				C623B9E822B778F70072ECD7 /* DeepLinkManager.swift */,
				808122AF22B2C7280042E9E1 /* ViewController.swift */,
				808122B122B2C7280042E9E1 /* Main.storyboard */,
				808122B422B2C72D0042E9E1 /* Assets.xcassets */,
				808122B622B2C72D0042E9E1 /* LaunchScreen.storyboard */,
				808122B922B2C72D0042E9E1 /* Info.plist */,
			);
			path = ShareDemo;
			sourceTree = "<group>";
		};
		808122C422B2C74B0042E9E1 /* SahreDemoExtension */ = {
			isa = PBXGroup;
			children = (
				808122D322B2C7620042E9E1 /* SahreDemoExtension.entitlements */,
				808122C522B2C74B0042E9E1 /* ShareViewController.swift */,
				808122C722B2C74B0042E9E1 /* MainInterface.storyboard */,
				808122CA22B2C74B0042E9E1 /* Info.plist */,
			);
			path = SahreDemoExtension;
			sourceTree = "<group>";
		};
/* End PBXGroup section */

/* Begin PBXNativeTarget section */
		808122A922B2C7280042E9E1 /* ShareDemo */ = {
			isa = PBXNativeTarget;
			buildConfigurationList = 808122BC22B2C72D0042E9E1 /* Build configuration list for PBXNativeTarget "ShareDemo" */;
			buildPhases = (
				808122A622B2C7280042E9E1 /* Sources */,
				808122A722B2C7280042E9E1 /* Frameworks */,
				808122A822B2C7280042E9E1 /* Resources */,
				808122D122B2C74B0042E9E1 /* Embed App Extensions */,
			);
			buildRules = (
			);
			dependencies = (
				808122CC22B2C74B0042E9E1 /* PBXTargetDependency */,
			);
			name = ShareDemo;
			productName = ShareDemo;
			productReference = 808122AA22B2C7280042E9E1 /* ShareDemo.app */;
			productType = "com.apple.product-type.application";
		};
		808122C222B2C74B0042E9E1 /* SahreDemoExtension */ = {
			isa = PBXNativeTarget;
			buildConfigurationList = 808122CE22B2C74B0042E9E1 /* Build configuration list for PBXNativeTarget "SahreDemoExtension" */;
			buildPhases = (
				808122BF22B2C74B0042E9E1 /* Sources */,
				808122C022B2C74B0042E9E1 /* Frameworks */,
				808122C122B2C74B0042E9E1 /* Resources */,
			);
			buildRules = (
			);
			dependencies = (
			);
			name = SahreDemoExtension;
			productName = SahreDemoExtension;
			productReference = 808122C322B2C74B0042E9E1 /* SahreDemoExtension.appex */;
			productType = "com.apple.product-type.app-extension";
		};
/* End PBXNativeTarget section */

/* Begin PBXProject section */
		808122A222B2C7280042E9E1 /* Project object */ = {
			isa = PBXProject;
			attributes = {
				LastSwiftUpdateCheck = 1020;
				LastUpgradeCheck = 1020;
				ORGANIZATIONNAME = "Jitendra Singh";
				TargetAttributes = {
					808122A922B2C7280042E9E1 = {
						CreatedOnToolsVersion = 10.2.1;
						SystemCapabilities = {
							com.apple.ApplicationGroups.iOS = {
								enabled = 1;
							};
						};
					};
					808122C222B2C74B0042E9E1 = {
						CreatedOnToolsVersion = 10.2.1;
						SystemCapabilities = {
							com.apple.ApplicationGroups.iOS = {
								enabled = 1;
							};
						};
					};
				};
			};
			buildConfigurationList = 808122A522B2C7280042E9E1 /* Build configuration list for PBXProject "Product Hunt by Homemaide" */;
			compatibilityVersion = "Xcode 9.3";
			developmentRegion = en;
			hasScannedForEncodings = 0;
			knownRegions = (
				en,
				Base,
			);
			mainGroup = 808122A122B2C7280042E9E1;
			productRefGroup = 808122AB22B2C7280042E9E1 /* Products */;
			projectDirPath = "";
			projectRoot = "";
			targets = (
				808122A922B2C7280042E9E1 /* ShareDemo */,
				808122C222B2C74B0042E9E1 /* SahreDemoExtension */,
			);
		};
/* End PBXProject section */

/* Begin PBXResourcesBuildPhase section */
		808122A822B2C7280042E9E1 /* Resources */ = {
			isa = PBXResourcesBuildPhase;
			buildActionMask = 2147483647;
			files = (
				808122B822B2C72D0042E9E1 /* LaunchScreen.storyboard in Resources */,
				808122B522B2C72D0042E9E1 /* Assets.xcassets in Resources */,
				808122B322B2C7280042E9E1 /* Main.storyboard in Resources */,
			);
			runOnlyForDeploymentPostprocessing = 0;
		};
		808122C122B2C74B0042E9E1 /* Resources */ = {
			isa = PBXResourcesBuildPhase;
			buildActionMask = 2147483647;
			files = (
				808122C922B2C74B0042E9E1 /* MainInterface.storyboard in Resources */,
			);
			runOnlyForDeploymentPostprocessing = 0;
		};
/* End PBXResourcesBuildPhase section */

/* Begin PBXSourcesBuildPhase section */
		808122A622B2C7280042E9E1 /* Sources */ = {
			isa = PBXSourcesBuildPhase;
			buildActionMask = 2147483647;
			files = (
				808122B022B2C7280042E9E1 /* ViewController.swift in Sources */,
				808122AE22B2C7280042E9E1 /* AppDelegate.swift in Sources */,
				C623B9E922B778F70072ECD7 /* DeepLinkManager.swift in Sources */,
			);
			runOnlyForDeploymentPostprocessing = 0;
		};
		808122BF22B2C74B0042E9E1 /* Sources */ = {
			isa = PBXSourcesBuildPhase;
			buildActionMask = 2147483647;
			files = (
				808122C622B2C74B0042E9E1 /* ShareViewController.swift in Sources */,
			);
			runOnlyForDeploymentPostprocessing = 0;
		};
/* End PBXSourcesBuildPhase section */

/* Begin PBXTargetDependency section */
		808122CC22B2C74B0042E9E1 /* PBXTargetDependency */ = {
			isa = PBXTargetDependency;
			target = 808122C222B2C74B0042E9E1 /* SahreDemoExtension */;
			targetProxy = 808122CB22B2C74B0042E9E1 /* PBXContainerItemProxy */;
		};
/* End PBXTargetDependency section */

/* Begin PBXVariantGroup section */
		808122B122B2C7280042E9E1 /* Main.storyboard */ = {
			isa = PBXVariantGroup;
			children = (
				808122B222B2C7280042E9E1 /* Base */,
			);
			name = Main.storyboard;
			sourceTree = "<group>";
		};
		808122B622B2C72D0042E9E1 /* LaunchScreen.storyboard */ = {
			isa = PBXVariantGroup;
			children = (
				808122B722B2C72D0042E9E1 /* Base */,
			);
			name = LaunchScreen.storyboard;
			sourceTree = "<group>";
		};
		808122C722B2C74B0042E9E1 /* MainInterface.storyboard */ = {
			isa = PBXVariantGroup;
			children = (
				808122C822B2C74B0042E9E1 /* Base */,
			);
			name = MainInterface.storyboard;
			sourceTree = "<group>";
		};
/* End PBXVariantGroup section */

/* Begin XCBuildConfiguration section */
		808122BA22B2C72D0042E9E1 /* Debug */ = {
			isa = XCBuildConfiguration;
			buildSettings = {
				ALWAYS_SEARCH_USER_PATHS = NO;
				CLANG_ANALYZER_NONNULL = YES;
				CLANG_ANALYZER_NUMBER_OBJECT_CONVERSION = YES_AGGRESSIVE;
				CLANG_CXX_LANGUAGE_STANDARD = "gnu++14";
				CLANG_CXX_LIBRARY = "libc++";
				CLANG_ENABLE_MODULES = YES;
				CLANG_ENABLE_OBJC_ARC = YES;
				CLANG_ENABLE_OBJC_WEAK = YES;
				CLANG_WARN_BLOCK_CAPTURE_AUTORELEASING = YES;
				CLANG_WARN_BOOL_CONVERSION = YES;
				CLANG_WARN_COMMA = YES;
				CLANG_WARN_CONSTANT_CONVERSION = YES;
				CLANG_WARN_DEPRECATED_OBJC_IMPLEMENTATIONS = YES;
				CLANG_WARN_DIRECT_OBJC_ISA_USAGE = YES_ERROR;
				CLANG_WARN_DOCUMENTATION_COMMENTS = YES;
				CLANG_WARN_EMPTY_BODY = YES;
				CLANG_WARN_ENUM_CONVERSION = YES;
				CLANG_WARN_INFINITE_RECURSION = YES;
				CLANG_WARN_INT_CONVERSION = YES;
				CLANG_WARN_NON_LITERAL_NULL_CONVERSION = YES;
				CLANG_WARN_OBJC_IMPLICIT_RETAIN_SELF = YES;
				CLANG_WARN_OBJC_LITERAL_CONVERSION = YES;
				CLANG_WARN_OBJC_ROOT_CLASS = YES_ERROR;
				CLANG_WARN_RANGE_LOOP_ANALYSIS = YES;
				CLANG_WARN_STRICT_PROTOTYPES = YES;
				CLANG_WARN_SUSPICIOUS_MOVE = YES;
				CLANG_WARN_UNGUARDED_AVAILABILITY = YES_AGGRESSIVE;
				CLANG_WARN_UNREACHABLE_CODE = YES;
				CLANG_WARN__DUPLICATE_METHOD_MATCH = YES;
				CODE_SIGN_IDENTITY = "iPhone Developer";
				COPY_PHASE_STRIP = NO;
				DEBUG_INFORMATION_FORMAT = dwarf;
				ENABLE_STRICT_OBJC_MSGSEND = YES;
				ENABLE_TESTABILITY = YES;
				GCC_C_LANGUAGE_STANDARD = gnu11;
				GCC_DYNAMIC_NO_PIC = NO;
				GCC_NO_COMMON_BLOCKS = YES;
				GCC_OPTIMIZATION_LEVEL = 0;
				GCC_PREPROCESSOR_DEFINITIONS = (
					"DEBUG=1",
					"$(inherited)",
				);
				GCC_WARN_64_TO_32_BIT_CONVERSION = YES;
				GCC_WARN_ABOUT_RETURN_TYPE = YES_ERROR;
				GCC_WARN_UNDECLARED_SELECTOR = YES;
				GCC_WARN_UNINITIALIZED_AUTOS = YES_AGGRESSIVE;
				GCC_WARN_UNUSED_FUNCTION = YES;
				GCC_WARN_UNUSED_VARIABLE = YES;
				IPHONEOS_DEPLOYMENT_TARGET = 11.1;
				MTL_ENABLE_DEBUG_INFO = INCLUDE_SOURCE;
				MTL_FAST_MATH = YES;
				ONLY_ACTIVE_ARCH = YES;
				SDKROOT = iphoneos;
				SWIFT_ACTIVE_COMPILATION_CONDITIONS = DEBUG;
				SWIFT_OPTIMIZATION_LEVEL = "-Onone";
			};
			name = Debug;
		};
		808122BB22B2C72D0042E9E1 /* Release */ = {
			isa = XCBuildConfiguration;
			buildSettings = {
				ALWAYS_SEARCH_USER_PATHS = NO;
				CLANG_ANALYZER_NONNULL = YES;
				CLANG_ANALYZER_NUMBER_OBJECT_CONVERSION = YES_AGGRESSIVE;
				CLANG_CXX_LANGUAGE_STANDARD = "gnu++14";
				CLANG_CXX_LIBRARY = "libc++";
				CLANG_ENABLE_MODULES = YES;
				CLANG_ENABLE_OBJC_ARC = YES;
				CLANG_ENABLE_OBJC_WEAK = YES;
				CLANG_WARN_BLOCK_CAPTURE_AUTORELEASING = YES;
				CLANG_WARN_BOOL_CONVERSION = YES;
				CLANG_WARN_COMMA = YES;
				CLANG_WARN_CONSTANT_CONVERSION = YES;
				CLANG_WARN_DEPRECATED_OBJC_IMPLEMENTATIONS = YES;
				CLANG_WARN_DIRECT_OBJC_ISA_USAGE = YES_ERROR;
				CLANG_WARN_DOCUMENTATION_COMMENTS = YES;
				CLANG_WARN_EMPTY_BODY = YES;
				CLANG_WARN_ENUM_CONVERSION = YES;
				CLANG_WARN_INFINITE_RECURSION = YES;
				CLANG_WARN_INT_CONVERSION = YES;
				CLANG_WARN_NON_LITERAL_NULL_CONVERSION = YES;
				CLANG_WARN_OBJC_IMPLICIT_RETAIN_SELF = YES;
				CLANG_WARN_OBJC_LITERAL_CONVERSION = YES;
				CLANG_WARN_OBJC_ROOT_CLASS = YES_ERROR;
				CLANG_WARN_RANGE_LOOP_ANALYSIS = YES;
				CLANG_WARN_STRICT_PROTOTYPES = YES;
				CLANG_WARN_SUSPICIOUS_MOVE = YES;
				CLANG_WARN_UNGUARDED_AVAILABILITY = YES_AGGRESSIVE;
				CLANG_WARN_UNREACHABLE_CODE = YES;
				CLANG_WARN__DUPLICATE_METHOD_MATCH = YES;
				CODE_SIGN_IDENTITY = "iPhone Developer";
				COPY_PHASE_STRIP = NO;
				DEBUG_INFORMATION_FORMAT = "dwarf-with-dsym";
				ENABLE_NS_ASSERTIONS = NO;
				ENABLE_STRICT_OBJC_MSGSEND = YES;
				GCC_C_LANGUAGE_STANDARD = gnu11;
				GCC_NO_COMMON_BLOCKS = YES;
				GCC_WARN_64_TO_32_BIT_CONVERSION = YES;
				GCC_WARN_ABOUT_RETURN_TYPE = YES_ERROR;
				GCC_WARN_UNDECLARED_SELECTOR = YES;
				GCC_WARN_UNINITIALIZED_AUTOS = YES_AGGRESSIVE;
				GCC_WARN_UNUSED_FUNCTION = YES;
				GCC_WARN_UNUSED_VARIABLE = YES;
				IPHONEOS_DEPLOYMENT_TARGET = 11.1;
				MTL_ENABLE_DEBUG_INFO = NO;
				MTL_FAST_MATH = YES;
				SDKROOT = iphoneos;
				SWIFT_COMPILATION_MODE = wholemodule;
				SWIFT_OPTIMIZATION_LEVEL = "-O";
				VALIDATE_PRODUCT = YES;
			};
			name = Release;
		};
		808122BD22B2C72D0042E9E1 /* Debug */ = {
			isa = XCBuildConfiguration;
			buildSettings = {
				ALWAYS_EMBED_SWIFT_STANDARD_LIBRARIES = YES;
				ASSETCATALOG_COMPILER_APPICON_NAME = AppIcon;
				CODE_SIGN_ENTITLEMENTS = ShareDemo/ShareDemo.entitlements;
				CODE_SIGN_STYLE = Automatic;
				DEVELOPMENT_TEAM = U73EK8T94B;
				INFOPLIST_FILE = ShareDemo/Info.plist;
				IPHONEOS_DEPLOYMENT_TARGET = 11.1;
				LD_RUNPATH_SEARCH_PATHS = (
					"$(inherited)",
					"@executable_path/Frameworks",
				);
				PRODUCT_BUNDLE_IDENTIFIER = JS.ShareDemos;
				PRODUCT_NAME = "$(TARGET_NAME)";
				SWIFT_VERSION = 5.0;
				TARGETED_DEVICE_FAMILY = "1,2";
			};
			name = Debug;
		};
		808122BE22B2C72D0042E9E1 /* Release */ = {
			isa = XCBuildConfiguration;
			buildSettings = {
				ALWAYS_EMBED_SWIFT_STANDARD_LIBRARIES = YES;
				ASSETCATALOG_COMPILER_APPICON_NAME = AppIcon;
				CODE_SIGN_ENTITLEMENTS = ShareDemo/ShareDemo.entitlements;
				CODE_SIGN_STYLE = Automatic;
				DEVELOPMENT_TEAM = U73EK8T94B;
				INFOPLIST_FILE = ShareDemo/Info.plist;
				IPHONEOS_DEPLOYMENT_TARGET = 11.1;
				LD_RUNPATH_SEARCH_PATHS = (
					"$(inherited)",
					"@executable_path/Frameworks",
				);
				PRODUCT_BUNDLE_IDENTIFIER = JS.ShareDemos;
				PRODUCT_NAME = "$(TARGET_NAME)";
				SWIFT_VERSION = 5.0;
				TARGETED_DEVICE_FAMILY = "1,2";
			};
			name = Release;
		};
		808122CF22B2C74B0042E9E1 /* Debug */ = {
			isa = XCBuildConfiguration;
			buildSettings = {
				CODE_SIGN_ENTITLEMENTS = SahreDemoExtension/SahreDemoExtension.entitlements;
				CODE_SIGN_STYLE = Automatic;
				DEVELOPMENT_TEAM = WVBPB459F4;
				INFOPLIST_FILE = SahreDemoExtension/Info.plist;
				IPHONEOS_DEPLOYMENT_TARGET = 10.1;
				LD_RUNPATH_SEARCH_PATHS = (
					"$(inherited)",
					"@executable_path/Frameworks",
					"@executable_path/../../Frameworks",
				);
				PRODUCT_BUNDLE_IDENTIFIER = JS.ShareDemos.SahreDemosExtension;
				PRODUCT_NAME = "$(TARGET_NAME)";
				SKIP_INSTALL = YES;
				SWIFT_VERSION = 5.0;
				TARGETED_DEVICE_FAMILY = "1,2";
			};
			name = Debug;
		};
		808122D022B2C74B0042E9E1 /* Release */ = {
			isa = XCBuildConfiguration;
			buildSettings = {
				CODE_SIGN_ENTITLEMENTS = SahreDemoExtension/SahreDemoExtension.entitlements;
				CODE_SIGN_STYLE = Automatic;
				DEVELOPMENT_TEAM = WVBPB459F4;
				INFOPLIST_FILE = SahreDemoExtension/Info.plist;
				IPHONEOS_DEPLOYMENT_TARGET = 10.1;
				LD_RUNPATH_SEARCH_PATHS = (
					"$(inherited)",
					"@executable_path/Frameworks",
					"@executable_path/../../Frameworks",
				);
				PRODUCT_BUNDLE_IDENTIFIER = JS.ShareDemos.SahreDemosExtension;
				PRODUCT_NAME = "$(TARGET_NAME)";
				SKIP_INSTALL = YES;
				SWIFT_VERSION = 5.0;
				TARGETED_DEVICE_FAMILY = "1,2";
			};
			name = Release;
		};
/* End XCBuildConfiguration section */

/* Begin XCConfigurationList section */
		808122A522B2C7280042E9E1 /* Build configuration list for PBXProject "Product Hunt by Homemaide" */ = {
			isa = XCConfigurationList;
			buildConfigurations = (
				808122BA22B2C72D0042E9E1 /* Debug */,
				808122BB22B2C72D0042E9E1 /* Release */,
			);
			defaultConfigurationIsVisible = 0;
			defaultConfigurationName = Release;
		};
		808122BC22B2C72D0042E9E1 /* Build configuration list for PBXNativeTarget "ShareDemo" */ = {
			isa = XCConfigurationList;
			buildConfigurations = (
				808122BD22B2C72D0042E9E1 /* Debug */,
				808122BE22B2C72D0042E9E1 /* Release */,
			);
			defaultConfigurationIsVisible = 0;
			defaultConfigurationName = Release;
		};
		808122CE22B2C74B0042E9E1 /* Build configuration list for PBXNativeTarget "SahreDemoExtension" */ = {
			isa = XCConfigurationList;
			buildConfigurations = (
				808122CF22B2C74B0042E9E1 /* Debug */,
				808122D022B2C74B0042E9E1 /* Release */,
			);
			defaultConfigurationIsVisible = 0;
			defaultConfigurationName = Release;
		};
/* End XCConfigurationList section */
	};
	rootObject = 808122A222B2C7280042E9E1 /* Project object */;
}
